
Microsoft Visual Studio Solution File, Format Version 12.00
# Visual Studio Version 17
VisualStudioVersion = 17.0.32014.148
MinimumVisualStudioVersion = 10.0.40219.1
Project("{9A19103F-16F7-4668-BE54-9A1E7A4F7556}") = "FixedStrings", "FixedStrings\FixedStrings.csproj", "{FBA4AF90-A360-4D4A-8399-6EDB491E3F43}"
EndProject
Project("{9A19103F-16F7-4668-BE54-9A1E7A4F7556}") = "FixedStrings.Tests", "FixedStrings.Tests\FixedStrings.Tests.csproj", "{94ECE203-A84A-4018-872C-078E91C1AB43}"
EndProject
Project("{2150E333-8FDC-42A3-9474-1A3956D46DE8}") = "Solution Items", "Solution Items", "{BBC4B16D-083F-47E6-BFAE-9064E600F230}"
	ProjectSection(SolutionItems) = preProject
		..\.editorconfig = ..\.editorconfig
		..\.gitattributes = ..\.gitattributes
		..\.gitignore = ..\.gitignore
		..\.github\workflows\ci.yml = ..\.github\workflows\ci.yml
		dotnet-releaser.toml = dotnet-releaser.toml
		global.json = global.json
		..\license.txt = ..\license.txt
		..\readme.md = ..\readme.md
	EndProjectSection
EndProject
Project("{9A19103F-16F7-4668-BE54-9A1E7A4F7556}") = "FixedStrings.Benchmarks", "FixedStrings.Benchmarks\FixedStrings.Benchmarks.csproj", "{7B2921F2-D284-4C92-8C29-38675881C179}"
EndProject
Global
	GlobalSection(SolutionConfigurationPlatforms) = preSolution
		Debug|Any CPU = Debug|Any CPU
		Release|Any CPU = Release|Any CPU
	EndGlobalSection
	GlobalSection(ProjectConfigurationPlatforms) = postSolution
		{FBA4AF90-A360-4D4A-8399-6EDB491E3F43}.Debug|Any CPU.ActiveCfg = Debug|Any CPU
		{FBA4AF90-A360-4D4A-8399-6EDB491E3F43}.Debug|Any CPU.Build.0 = Debug|Any CPU
		{FBA4AF90-A360-4D4A-8399-6EDB491E3F43}.Release|Any CPU.ActiveCfg = Release|Any CPU
		{FBA4AF90-A360-4D4A-8399-6EDB491E3F43}.Release|Any CPU.Build.0 = Release|Any CPU
		{94ECE203-A84A-4018-872C-078E91C1AB43}.Debug|Any CPU.ActiveCfg = Debug|Any CPU
		{94ECE203-A84A-4018-872C-078E91C1AB43}.Debug|Any CPU.Build.0 = Debug|Any CPU
		{94ECE203-A84A-4018-872C-078E91C1AB43}.Release|Any CPU.ActiveCfg = Release|Any CPU
		{94ECE203-A84A-4018-872C-078E91C1AB43}.Release|Any CPU.Build.0 = Release|Any CPU
		{7B2921F2-D284-4C92-8C29-38675881C179}.Debug|Any CPU.ActiveCfg = Debug|Any CPU
		{7B2921F2-D284-4C92-8C29-38675881C179}.Debug|Any CPU.Build.0 = Debug|Any CPU
		{7B2921F2-D284-4C92-8C29-38675881C179}.Release|Any CPU.ActiveCfg = Release|Any CPU
		{7B2921F2-D284-4C92-8C29-38675881C179}.Release|Any CPU.Build.0 = Release|Any CPU
	EndGlobalSection
	GlobalSection(SolutionProperties) = preSolution
		HideSolutionNode = FALSE
	EndGlobalSection
	GlobalSection(ExtensibilityGlobals) = postSolution
		SolutionGuid = {95E8F3B3-49E8-400E-97A1-38D8B946DFCA}
	EndGlobalSection
EndGlobal
